
Microsoft Visual Studio Solution File, Format Version 12.00
# Visual Studio 15
VisualStudioVersion = 15.0.28307.329
MinimumVisualStudioVersion = 10.0.40219.1
Project("{FAE04EC0-301F-11D3-BF4B-00C04F79EFBC}") = "WellnessScore", "WellnessScore\WellnessScore.csproj", "{2FF6325D-03CA-4297-81B3-670ABE12EC5D}"
EndProject
Global
	GlobalSection(SolutionConfigurationPlatforms) = preSolution
		Debug|Any CPU = Debug|Any CPU
		Release|Any CPU = Release|Any CPU
	EndGlobalSection
	GlobalSection(ProjectConfigurationPlatforms) = postSolution
		{2FF6325D-03CA-4297-81B3-670ABE12EC5D}.Debug|Any CPU.ActiveCfg = Debug|Any CPU
		{2FF6325D-03CA-4297-81B3-670ABE12EC5D}.Debug|Any CPU.Build.0 = Debug|Any CPU
		{2FF6325D-03CA-4297-81B3-670ABE12EC5D}.Release|Any CPU.ActiveCfg = Release|Any CPU
		{2FF6325D-03CA-4297-81B3-670ABE12EC5D}.Release|Any CPU.Build.0 = Release|Any CPU
	EndGlobalSection
	GlobalSection(SolutionProperties) = preSolution
		HideSolutionNode = FALSE
	EndGlobalSection
	GlobalSection(ExtensibilityGlobals) = postSolution
		SolutionGuid = {A4EF1AEA-1C98-40C5-A351-9A466C905875}
	EndGlobalSection
EndGlobal
